
Microsoft Visual Studio Solution File, Format Version 12.00
# Visual Studio Version 17
VisualStudioVersion = 17.13.35931.197
MinimumVisualStudioVersion = 10.0.40219.1
Project("{FAE04EC0-301F-11D3-BF4B-00C04F79EFBC}") = "NutritionStore", "NutritionStorePruebaEF\NutritionStore.csproj", "{72BA96DD-3C2F-488D-AE47-9F06EA8C2BD5}"
EndProject
Global
	GlobalSection(SolutionConfigurationPlatforms) = preSolution
		Debug|Any CPU = Debug|Any CPU
		Release|Any CPU = Release|Any CPU
	EndGlobalSection
	GlobalSection(ProjectConfigurationPlatforms) = postSolution
		{72BA96DD-3C2F-488D-AE47-9F06EA8C2BD5}.Debug|Any CPU.ActiveCfg = Debug|Any CPU
		{72BA96DD-3C2F-488D-AE47-9F06EA8C2BD5}.Debug|Any CPU.Build.0 = Debug|Any CPU
		{72BA96DD-3C2F-488D-AE47-9F06EA8C2BD5}.Release|Any CPU.ActiveCfg = Release|Any CPU
		{72BA96DD-3C2F-488D-AE47-9F06EA8C2BD5}.Release|Any CPU.Build.0 = Release|Any CPU
	EndGlobalSection
	GlobalSection(SolutionProperties) = preSolution
		HideSolutionNode = FALSE
	EndGlobalSection
	GlobalSection(ExtensibilityGlobals) = postSolution
		SolutionGuid = {606143C1-6A7B-4E8C-BB6F-206D8E22B13A}
	EndGlobalSection
EndGlobal
