
Microsoft Visual Studio Solution File, Format Version 12.00
# Visual Studio Version 17
VisualStudioVersion = 17.13.35931.197 d17.13
MinimumVisualStudioVersion = 10.0.40219.1
Project("{FAE04EC0-301F-11D3-BF4B-00C04F79EFBC}") = "NutritionStoreEF", "NutritionStoreEF\NutritionStoreEF.csproj", "{748F9982-8B8D-4745-A852-7ABF6DE60DB4}"
EndProject
Global
	GlobalSection(SolutionConfigurationPlatforms) = preSolution
		Debug|Any CPU = Debug|Any CPU
		Release|Any CPU = Release|Any CPU
	EndGlobalSection
	GlobalSection(ProjectConfigurationPlatforms) = postSolution
		{748F9982-8B8D-4745-A852-7ABF6DE60DB4}.Debug|Any CPU.ActiveCfg = Debug|Any CPU
		{748F9982-8B8D-4745-A852-7ABF6DE60DB4}.Debug|Any CPU.Build.0 = Debug|Any CPU
		{748F9982-8B8D-4745-A852-7ABF6DE60DB4}.Release|Any CPU.ActiveCfg = Release|Any CPU
		{748F9982-8B8D-4745-A852-7ABF6DE60DB4}.Release|Any CPU.Build.0 = Release|Any CPU
	EndGlobalSection
	GlobalSection(SolutionProperties) = preSolution
		HideSolutionNode = FALSE
	EndGlobalSection
	GlobalSection(ExtensibilityGlobals) = postSolution
		SolutionGuid = {7AFBA29F-FC27-4345-A139-95964C67281C}
	EndGlobalSection
EndGlobal
